{
  "lockfile-version": 1,
  "manifest": {
    "schema-version": "1.11.0",
    "hook": {},
    "profile": {},
    "options": {},
    "build": {
      "tree-sitter": {
        "command": "mkdir -p $out\ncd $out\nmkdir bin\ncurl -L https://github.com/tree-sitter/tree-sitter/releases/download/v0.26.8/tree-sitter-cli-macos-arm64.zip -o ts.zip\n\nunzip ts.zip\nmv tree-sitter ./bin/tree-sitter\nchmod +x ./bin/tree-sitter\n\nrm ts.zip\n",
        "version": "0.26.8",
        "description": "Tree-sitter CLI (Manual Binary)"
      }
    }
  },
  "packages": []
}
